{
  "name": "@ak-cli/package",
  "version": "1.0.2",
  "lockfileVersion": 2,
  "requires": true,
  "packages": {
    "": {
      "name": "@ak-cli/package",
      "version": "1.0.2",
      "license": "ISC",
      "dependencies": {
        "@ak-clown/utils": "file:../../utils/utils"
      }
    },
    "../../utils/utils": {
      "version": "1.0.2",
      "license": "ISC"
    },
    "node_modules/@ak-clown/utils": {
      "resolved": "../../utils/utils",
      "link": true
    }
  },
  "dependencies": {
    "@ak-clown/utils": {
      "version": "file:../../utils/utils"
    }
  }
}
