{
  "name": "@ak-cli/exec",
  "version": "1.0.2",
  "lockfileVersion": 2,
  "requires": true,
  "packages": {
    "": {
      "name": "@ak-cli/exec",
      "version": "1.0.2",
      "license": "ISC",
      "dependencies": {
        "@ak-clown/log": "file:../../utils/log",
        "@ak-clown/package": "file:../../models/package"
      }
    },
    "../../models/package": {
      "name": "@ak-cli/package",
      "version": "1.0.2",
      "license": "ISC",
      "dependencies": {
        "@ak-clown/format-path": "file:../../utils/format-path",
        "@ak-clown/get-npm-info": "file:../../utils/get-npm-info",
        "@ak-clown/utils": "file:../../utils/utils",
        "fs-extra": "^10.0.0",
        "npminstall": "^5.3.1",
        "path-exists": "^4.0.0",
        "pkg-dir": "^5.0.0"
      }
    },
    "../../package/package": {
      "extraneous": true
    },
    "../../utils/log": {
      "name": "@ak-clown/log",
      "version": "1.0.2",
      "license": "ISC",
      "dependencies": {
        "npmlog": "^6.0.0"
      }
    },
    "node_modules/@ak-clown/log": {
      "resolved": "../../utils/log",
      "link": true
    },
    "node_modules/@ak-clown/package": {
      "resolved": "../../models/package",
      "link": true
    }
  },
  "dependencies": {
    "@ak-clown/log": {
      "version": "file:../../utils/log",
      "requires": {
        "npmlog": "^6.0.0"
      }
    },
    "@ak-clown/package": {
      "version": "file:../../models/package",
      "requires": {
        "@ak-clown/format-path": "file:../../utils/format-path",
        "@ak-clown/get-npm-info": "file:../../utils/get-npm-info",
        "@ak-clown/utils": "file:../../utils/utils",
        "fs-extra": "^10.0.0",
        "npminstall": "^5.3.1",
        "path-exists": "^4.0.0",
        "pkg-dir": "^5.0.0"
      }
    }
  }
}
